// !$*UTF8*$!
{
	archiveVersion = 1;
	classes = {
	};
	objectVersion = 46;
	objects = {

/* Begin PBXBuildFile section */
		234A69A01ACB1E9A00CEADC3 /* main.m in Sources */ = {isa = PBXBuildFile; fileRef = 234A699F1ACB1E9A00CEADC3 /* main.m */; };
		234A69A31ACB1E9A00CEADC3 /* AppDelegate.m in Sources */ = {isa = PBXBuildFile; fileRef = 234A69A21ACB1E9A00CEADC3 /* AppDelegate.m */; };
		234A69A61ACB1E9A00CEADC3 /* LostDataBase.xcdatamodeld in Sources */ = {isa = PBXBuildFile; fileRef = 234A69A41ACB1E9A00CEADC3 /* LostDataBase.xcdatamodeld */; };
		234A69A91ACB1E9A00CEADC3 /* ViewController.m in Sources */ = {isa = PBXBuildFile; fileRef = 234A69A81ACB1E9A00CEADC3 /* ViewController.m */; };
		234A69AC1ACB1E9A00CEADC3 /* Main.storyboard in Resources */ = {isa = PBXBuildFile; fileRef = 234A69AA1ACB1E9A00CEADC3 /* Main.storyboard */; };
		234A69AE1ACB1E9A00CEADC3 /* Images.xcassets in Resources */ = {isa = PBXBuildFile; fileRef = 234A69AD1ACB1E9A00CEADC3 /* Images.xcassets */; };
		234A69B11ACB1E9A00CEADC3 /* LaunchScreen.xib in Resources */ = {isa = PBXBuildFile; fileRef = 234A69AF1ACB1E9A00CEADC3 /* LaunchScreen.xib */; };
		234A69BD1ACB1E9A00CEADC3 /* LostDataBaseTests.m in Sources */ = {isa = PBXBuildFile; fileRef = 234A69BC1ACB1E9A00CEADC3 /* LostDataBaseTests.m */; };
/* End PBXBuildFile section */

/* Begin PBXContainerItemProxy section */
		234A69B71ACB1E9A00CEADC3 /* PBXContainerItemProxy */ = {
			isa = PBXContainerItemProxy;
			containerPortal = 234A69921ACB1E9A00CEADC3 /* Project object */;
			proxyType = 1;
			remoteGlobalIDString = 234A69991ACB1E9A00CEADC3;
			remoteInfo = LostDataBase;
		};
/* End PBXContainerItemProxy section */

/* Begin PBXFileReference section */
		234A699A1ACB1E9A00CEADC3 /* LostDataBase.app */ = {isa = PBXFileReference; explicitFileType = wrapper.application; includeInIndex = 0; path = LostDataBase.app; sourceTree = BUILT_PRODUCTS_DIR; };
		234A699E1ACB1E9A00CEADC3 /* Info.plist */ = {isa = PBXFileReference; lastKnownFileType = text.plist.xml; path = Info.plist; sourceTree = "<group>"; };
		234A699F1ACB1E9A00CEADC3 /* main.m */ = {isa = PBXFileReference; lastKnownFileType = sourcecode.c.objc; path = main.m; sourceTree = "<group>"; };
		234A69A11ACB1E9A00CEADC3 /* AppDelegate.h */ = {isa = PBXFileReference; lastKnownFileType = sourcecode.c.h; path = AppDelegate.h; sourceTree = "<group>"; };
		234A69A21ACB1E9A00CEADC3 /* AppDelegate.m */ = {isa = PBXFileReference; lastKnownFileType = sourcecode.c.objc; path = AppDelegate.m; sourceTree = "<group>"; };
		234A69A51ACB1E9A00CEADC3 /* LostDataBase.xcdatamodel */ = {isa = PBXFileReference; lastKnownFileType = wrapper.xcdatamodel; path = LostDataBase.xcdatamodel; sourceTree = "<group>"; };
		234A69A71ACB1E9A00CEADC3 /* ViewController.h */ = {isa = PBXFileReference; lastKnownFileType = sourcecode.c.h; path = ViewController.h; sourceTree = "<group>"; };
		234A69A81ACB1E9A00CEADC3 /* ViewController.m */ = {isa = PBXFileReference; lastKnownFileType = sourcecode.c.objc; path = ViewController.m; sourceTree = "<group>"; };
		234A69AB1ACB1E9A00CEADC3 /* Base */ = {isa = PBXFileReference; lastKnownFileType = file.storyboard; name = Base; path = Base.lproj/Main.storyboard; sourceTree = "<group>"; };
		234A69AD1ACB1E9A00CEADC3 /* Images.xcassets */ = {isa = PBXFileReference; lastKnownFileType = folder.assetcatalog; path = Images.xcassets; sourceTree = "<group>"; };
		234A69B01ACB1E9A00CEADC3 /* Base */ = {isa = PBXFileReference; lastKnownFileType = file.xib; name = Base; path = Base.lproj/LaunchScreen.xib; sourceTree = "<group>"; };
		234A69B61ACB1E9A00CEADC3 /* LostDataBaseTests.xctest */ = {isa = PBXFileReference; explicitFileType = wrapper.cfbundle; includeInIndex = 0; path = LostDataBaseTests.xctest; sourceTree = BUILT_PRODUCTS_DIR; };
		234A69BB1ACB1E9A00CEADC3 /* Info.plist */ = {isa = PBXFileReference; lastKnownFileType = text.plist.xml; path = Info.plist; sourceTree = "<group>"; };
		234A69BC1ACB1E9A00CEADC3 /* LostDataBaseTests.m */ = {isa = PBXFileReference; lastKnownFileType = sourcecode.c.objc; path = LostDataBaseTests.m; sourceTree = "<group>"; };
/* End PBXFileReference section */

/* Begin PBXFrameworksBuildPhase section */
		234A69971ACB1E9A00CEADC3 /* Frameworks */ = {
			isa = PBXFrameworksBuildPhase;
			buildActionMask = 2147483647;
			files = (
			);
			runOnlyForDeploymentPostprocessing = 0;
		};
		234A69B31ACB1E9A00CEADC3 /* Frameworks */ = {
			isa = PBXFrameworksBuildPhase;
			buildActionMask = 2147483647;
			files = (
			);
			runOnlyForDeploymentPostprocessing = 0;
		};
/* End PBXFrameworksBuildPhase section */

/* Begin PBXGroup section */
		234A69911ACB1E9A00CEADC3 = {
			isa = PBXGroup;
			children = (
				234A699C1ACB1E9A00CEADC3 /* LostDataBase */,
				234A69B91ACB1E9A00CEADC3 /* LostDataBaseTests */,
				234A699B1ACB1E9A00CEADC3 /* Products */,
			);
			sourceTree = "<group>";
		};
		234A699B1ACB1E9A00CEADC3 /* Products */ = {
			isa = PBXGroup;
			children = (
				234A699A1ACB1E9A00CEADC3 /* LostDataBase.app */,
				234A69B61ACB1E9A00CEADC3 /* LostDataBaseTests.xctest */,
			);
			name = Products;
			sourceTree = "<group>";
		};
		234A699C1ACB1E9A00CEADC3 /* LostDataBase */ = {
			isa = PBXGroup;
			children = (
				234A69A11ACB1E9A00CEADC3 /* AppDelegate.h */,
				234A69A21ACB1E9A00CEADC3 /* AppDelegate.m */,
				234A69A71ACB1E9A00CEADC3 /* ViewController.h */,
				234A69A81ACB1E9A00CEADC3 /* ViewController.m */,
				234A69AA1ACB1E9A00CEADC3 /* Main.storyboard */,
				234A69AD1ACB1E9A00CEADC3 /* Images.xcassets */,
				234A69AF1ACB1E9A00CEADC3 /* LaunchScreen.xib */,
				234A69A41ACB1E9A00CEADC3 /* LostDataBase.xcdatamodeld */,
				234A699D1ACB1E9A00CEADC3 /* Supporting Files */,
			);
			path = LostDataBase;
			sourceTree = "<group>";
		};
		234A699D1ACB1E9A00CEADC3 /* Supporting Files */ = {
			isa = PBXGroup;
			children = (
				234A699E1ACB1E9A00CEADC3 /* Info.plist */,
				234A699F1ACB1E9A00CEADC3 /* main.m */,
			);
			name = "Supporting Files";
			sourceTree = "<group>";
		};
		234A69B91ACB1E9A00CEADC3 /* LostDataBaseTests */ = {
			isa = PBXGroup;
			children = (
				234A69BC1ACB1E9A00CEADC3 /* LostDataBaseTests.m */,
				234A69BA1ACB1E9A00CEADC3 /* Supporting Files */,
			);
			path = LostDataBaseTests;
			sourceTree = "<group>";
		};
		234A69BA1ACB1E9A00CEADC3 /* Supporting Files */ = {
			isa = PBXGroup;
			children = (
				234A69BB1ACB1E9A00CEADC3 /* Info.plist */,
			);
			name = "Supporting Files";
			sourceTree = "<group>";
		};
/* End PBXGroup section */

/* Begin PBXNativeTarget section */
		234A69991ACB1E9A00CEADC3 /* LostDataBase */ = {
			isa = PBXNativeTarget;
			buildConfigurationList = 234A69C01ACB1E9A00CEADC3 /* Build configuration list for PBXNativeTarget "LostDataBase" */;
			buildPhases = (
				234A69961ACB1E9A00CEADC3 /* Sources */,
				234A69971ACB1E9A00CEADC3 /* Frameworks */,
				234A69981ACB1E9A00CEADC3 /* Resources */,
			);
			buildRules = (
			);
			dependencies = (
			);
			name = LostDataBase;
			productName = LostDataBase;
			productReference = 234A699A1ACB1E9A00CEADC3 /* LostDataBase.app */;
			productType = "com.apple.product-type.application";
		};
		234A69B51ACB1E9A00CEADC3 /* LostDataBaseTests */ = {
			isa = PBXNativeTarget;
			buildConfigurationList = 234A69C31ACB1E9A00CEADC3 /* Build configuration list for PBXNativeTarget "LostDataBaseTests" */;
			buildPhases = (
				234A69B21ACB1E9A00CEADC3 /* Sources */,
				234A69B31ACB1E9A00CEADC3 /* Frameworks */,
				234A69B41ACB1E9A00CEADC3 /* Resources */,
			);
			buildRules = (
			);
			dependencies = (
				234A69B81ACB1E9A00CEADC3 /* PBXTargetDependency */,
			);
			name = LostDataBaseTests;
			productName = LostDataBaseTests;
			productReference = 234A69B61ACB1E9A00CEADC3 /* LostDataBaseTests.xctest */;
			productType = "com.apple.product-type.bundle.unit-test";
		};
/* End PBXNativeTarget section */

/* Begin PBXProject section */
		234A69921ACB1E9A00CEADC3 /* Project object */ = {
			isa = PBXProject;
			attributes = {
				LastUpgradeCheck = 0620;
				ORGANIZATIONNAME = "Timothy Mueller";
				TargetAttributes = {
					234A69991ACB1E9A00CEADC3 = {
						CreatedOnToolsVersion = 6.2;
					};
					234A69B51ACB1E9A00CEADC3 = {
						CreatedOnToolsVersion = 6.2;
						TestTargetID = 234A69991ACB1E9A00CEADC3;
					};
				};
			};
			buildConfigurationList = 234A69951ACB1E9A00CEADC3 /* Build configuration list for PBXProject "LostDataBase" */;
			compatibilityVersion = "Xcode 3.2";
			developmentRegion = English;
			hasScannedForEncodings = 0;
			knownRegions = (
				en,
				Base,
			);
			mainGroup = 234A69911ACB1E9A00CEADC3;
			productRefGroup = 234A699B1ACB1E9A00CEADC3 /* Products */;
			projectDirPath = "";
			projectRoot = "";
			targets = (
				234A69991ACB1E9A00CEADC3 /* LostDataBase */,
				234A69B51ACB1E9A00CEADC3 /* LostDataBaseTests */,
			);
		};
/* End PBXProject section */

/* Begin PBXResourcesBuildPhase section */
		234A69981ACB1E9A00CEADC3 /* Resources */ = {
			isa = PBXResourcesBuildPhase;
			buildActionMask = 2147483647;
			files = (
				234A69AC1ACB1E9A00CEADC3 /* Main.storyboard in Resources */,
				234A69B11ACB1E9A00CEADC3 /* LaunchScreen.xib in Resources */,
				234A69AE1ACB1E9A00CEADC3 /* Images.xcassets in Resources */,
			);
			runOnlyForDeploymentPostprocessing = 0;
		};
		234A69B41ACB1E9A00CEADC3 /* Resources */ = {
			isa = PBXResourcesBuildPhase;
			buildActionMask = 2147483647;
			files = (
			);
			runOnlyForDeploymentPostprocessing = 0;
		};
/* End PBXResourcesBuildPhase section */

/* Begin PBXSourcesBuildPhase section */
		234A69961ACB1E9A00CEADC3 /* Sources */ = {
			isa = PBXSourcesBuildPhase;
			buildActionMask = 2147483647;
			files = (
				234A69A31ACB1E9A00CEADC3 /* AppDelegate.m in Sources */,
				234A69A61ACB1E9A00CEADC3 /* LostDataBase.xcdatamodeld in Sources */,
				234A69A91ACB1E9A00CEADC3 /* ViewController.m in Sources */,
				234A69A01ACB1E9A00CEADC3 /* main.m in Sources */,
			);
			runOnlyForDeploymentPostprocessing = 0;
		};
		234A69B21ACB1E9A00CEADC3 /* Sources */ = {
			isa = PBXSourcesBuildPhase;
			buildActionMask = 2147483647;
			files = (
				234A69BD1ACB1E9A00CEADC3 /* LostDataBaseTests.m in Sources */,
			);
			runOnlyForDeploymentPostprocessing = 0;
		};
/* End PBXSourcesBuildPhase section */

/* Begin PBXTargetDependency section */
		234A69B81ACB1E9A00CEADC3 /* PBXTargetDependency */ = {
			isa = PBXTargetDependency;
			target = 234A69991ACB1E9A00CEADC3 /* LostDataBase */;
			targetProxy = 234A69B71ACB1E9A00CEADC3 /* PBXContainerItemProxy */;
		};
/* End PBXTargetDependency section */

/* Begin PBXVariantGroup section */
		234A69AA1ACB1E9A00CEADC3 /* Main.storyboard */ = {
			isa = PBXVariantGroup;
			children = (
				234A69AB1ACB1E9A00CEADC3 /* Base */,
			);
			name = Main.storyboard;
			sourceTree = "<group>";
		};
		234A69AF1ACB1E9A00CEADC3 /* LaunchScreen.xib */ = {
			isa = PBXVariantGroup;
			children = (
				234A69B01ACB1E9A00CEADC3 /* Base */,
			);
			name = LaunchScreen.xib;
			sourceTree = "<group>";
		};
/* End PBXVariantGroup section */

/* Begin XCBuildConfiguration section */
		234A69BE1ACB1E9A00CEADC3 /* Debug */ = {
			isa = XCBuildConfiguration;
			buildSettings = {
				ALWAYS_SEARCH_USER_PATHS = NO;
				CLANG_CXX_LANGUAGE_STANDARD = "gnu++0x";
				CLANG_CXX_LIBRARY = "libc++";
				CLANG_ENABLE_MODULES = YES;
				CLANG_ENABLE_OBJC_ARC = YES;
				CLANG_WARN_BOOL_CONVERSION = YES;
				CLANG_WARN_CONSTANT_CONVERSION = YES;
				CLANG_WARN_DIRECT_OBJC_ISA_USAGE = YES_ERROR;
				CLANG_WARN_EMPTY_BODY = YES;
				CLANG_WARN_ENUM_CONVERSION = YES;
				CLANG_WARN_INT_CONVERSION = YES;
				CLANG_WARN_OBJC_ROOT_CLASS = YES_ERROR;
				CLANG_WARN_UNREACHABLE_CODE = YES;
				CLANG_WARN__DUPLICATE_METHOD_MATCH = YES;
				"CODE_SIGN_IDENTITY[sdk=iphoneos*]" = "iPhone Developer";
				COPY_PHASE_STRIP = NO;
				ENABLE_STRICT_OBJC_MSGSEND = YES;
				GCC_C_LANGUAGE_STANDARD = gnu99;
				GCC_DYNAMIC_NO_PIC = NO;
				GCC_OPTIMIZATION_LEVEL = 0;
				GCC_PREPROCESSOR_DEFINITIONS = (
					"DEBUG=1",
					"$(inherited)",
				);
				GCC_SYMBOLS_PRIVATE_EXTERN = NO;
				GCC_WARN_64_TO_32_BIT_CONVERSION = YES;
				GCC_WARN_ABOUT_RETURN_TYPE = YES_ERROR;
				GCC_WARN_UNDECLARED_SELECTOR = YES;
				GCC_WARN_UNINITIALIZED_AUTOS = YES_AGGRESSIVE;
				GCC_WARN_UNUSED_FUNCTION = YES;
				GCC_WARN_UNUSED_VARIABLE = YES;
				IPHONEOS_DEPLOYMENT_TARGET = 8.2;
				MTL_ENABLE_DEBUG_INFO = YES;
				ONLY_ACTIVE_ARCH = YES;
				SDKROOT = iphoneos;
				TARGETED_DEVICE_FAMILY = "1,2";
			};
			name = Debug;
		};
		234A69BF1ACB1E9A00CEADC3 /* Release */ = {
			isa = XCBuildConfiguration;
			buildSettings = {
				ALWAYS_SEARCH_USER_PATHS = NO;
				CLANG_CXX_LANGUAGE_STANDARD = "gnu++0x";
				CLANG_CXX_LIBRARY = "libc++";
				CLANG_ENABLE_MODULES = YES;
				CLANG_ENABLE_OBJC_ARC = YES;
				CLANG_WARN_BOOL_CONVERSION = YES;
				CLANG_WARN_CONSTANT_CONVERSION = YES;
				CLANG_WARN_DIRECT_OBJC_ISA_USAGE = YES_ERROR;
				CLANG_WARN_EMPTY_BODY = YES;
				CLANG_WARN_ENUM_CONVERSION = YES;
				CLANG_WARN_INT_CONVERSION = YES;
				CLANG_WARN_OBJC_ROOT_CLASS = YES_ERROR;
				CLANG_WARN_UNREACHABLE_CODE = YES;
				CLANG_WARN__DUPLICATE_METHOD_MATCH = YES;
				"CODE_SIGN_IDENTITY[sdk=iphoneos*]" = "iPhone Developer";
				COPY_PHASE_STRIP = NO;
				ENABLE_NS_ASSERTIONS = NO;
				ENABLE_STRICT_OBJC_MSGSEND = YES;
				GCC_C_LANGUAGE_STANDARD = gnu99;
				GCC_WARN_64_TO_32_BIT_CONVERSION = YES;
				GCC_WARN_ABOUT_RETURN_TYPE = YES_ERROR;
				GCC_WARN_UNDECLARED_SELECTOR = YES;
				GCC_WARN_UNINITIALIZED_AUTOS = YES_AGGRESSIVE;
				GCC_WARN_UNUSED_FUNCTION = YES;
				GCC_WARN_UNUSED_VARIABLE = YES;
				IPHONEOS_DEPLOYMENT_TARGET = 8.2;
				MTL_ENABLE_DEBUG_INFO = NO;
				SDKROOT = iphoneos;
				TARGETED_DEVICE_FAMILY = "1,2";
				VALIDATE_PRODUCT = YES;
			};
			name = Release;
		};
		234A69C11ACB1E9A00CEADC3 /* Debug */ = {
			isa = XCBuildConfiguration;
			buildSettings = {
				ASSETCATALOG_COMPILER_APPICON_NAME = AppIcon;
				INFOPLIST_FILE = LostDataBase/Info.plist;
				LD_RUNPATH_SEARCH_PATHS = "$(inherited) @executable_path/Frameworks";
				PRODUCT_NAME = "$(TARGET_NAME)";
			};
			name = Debug;
		};
		234A69C21ACB1E9A00CEADC3 /* Release */ = {
			isa = XCBuildConfiguration;
			buildSettings = {
				ASSETCATALOG_COMPILER_APPICON_NAME = AppIcon;
				INFOPLIST_FILE = LostDataBase/Info.plist;
				LD_RUNPATH_SEARCH_PATHS = "$(inherited) @executable_path/Frameworks";
				PRODUCT_NAME = "$(TARGET_NAME)";
			};
			name = Release;
		};
		234A69C41ACB1E9A00CEADC3 /* Debug */ = {
			isa = XCBuildConfiguration;
			buildSettings = {
				BUNDLE_LOADER = "$(TEST_HOST)";
				FRAMEWORK_SEARCH_PATHS = (
					"$(SDKROOT)/Developer/Library/Frameworks",
					"$(inherited)",
				);
				GCC_PREPROCESSOR_DEFINITIONS = (
					"DEBUG=1",
					"$(inherited)",
				);
				INFOPLIST_FILE = LostDataBaseTests/Info.plist;
				LD_RUNPATH_SEARCH_PATHS = "$(inherited) @executable_path/Frameworks @loader_path/Frameworks";
				PRODUCT_NAME = "$(TARGET_NAME)";
				TEST_HOST = "$(BUILT_PRODUCTS_DIR)/LostDataBase.app/LostDataBase";
			};
			name = Debug;
		};
		234A69C51ACB1E9A00CEADC3 /* Release */ = {
			isa = XCBuildConfiguration;
			buildSettings = {
				BUNDLE_LOADER = "$(TEST_HOST)";
				FRAMEWORK_SEARCH_PATHS = (
					"$(SDKROOT)/Developer/Library/Frameworks",
					"$(inherited)",
				);
				INFOPLIST_FILE = LostDataBaseTests/Info.plist;
				LD_RUNPATH_SEARCH_PATHS = "$(inherited) @executable_path/Frameworks @loader_path/Frameworks";
				PRODUCT_NAME = "$(TARGET_NAME)";
				TEST_HOST = "$(BUILT_PRODUCTS_DIR)/LostDataBase.app/LostDataBase";
			};
			name = Release;
		};
/* End XCBuildConfiguration section */

/* Begin XCConfigurationList section */
		234A69951ACB1E9A00CEADC3 /* Build configuration list for PBXProject "LostDataBase" */ = {
			isa = XCConfigurationList;
			buildConfigurations = (
				234A69BE1ACB1E9A00CEADC3 /* Debug */,
				234A69BF1ACB1E9A00CEADC3 /* Release */,
			);
			defaultConfigurationIsVisible = 0;
			defaultConfigurationName = Release;
		};
		234A69C01ACB1E9A00CEADC3 /* Build configuration list for PBXNativeTarget "LostDataBase" */ = {
			isa = XCConfigurationList;
			buildConfigurations = (
				234A69C11ACB1E9A00CEADC3 /* Debug */,
				234A69C21ACB1E9A00CEADC3 /* Release */,
			);
			defaultConfigurationIsVisible = 0;
		};
		234A69C31ACB1E9A00CEADC3 /* Build configuration list for PBXNativeTarget "LostDataBaseTests" */ = {
			isa = XCConfigurationList;
			buildConfigurations = (
				234A69C41ACB1E9A00CEADC3 /* Debug */,
				234A69C51ACB1E9A00CEADC3 /* Release */,
			);
			defaultConfigurationIsVisible = 0;
		};
/* End XCConfigurationList section */

/* Begin XCVersionGroup section */
		234A69A41ACB1E9A00CEADC3 /* LostDataBase.xcdatamodeld */ = {
			isa = XCVersionGroup;
			children = (
				234A69A51ACB1E9A00CEADC3 /* LostDataBase.xcdatamodel */,
			);
			currentVersion = 234A69A51ACB1E9A00CEADC3 /* LostDataBase.xcdatamodel */;
			path = LostDataBase.xcdatamodeld;
			sourceTree = "<group>";
			versionGroupType = wrapper.xcdatamodel;
		};
/* End XCVersionGroup section */
	};
	rootObject = 234A69921ACB1E9A00CEADC3 /* Project object */;
}
